// !$*UTF8*$!
{
	archiveVersion = 1;
	classes = {
	};
	objectVersion = 56;
	objects = {

/* Begin PBXBuildFile section */
		720B78382A1D4C6500B739F4 /* FruitXplainApp.swift in Sources */ = {isa = PBXBuildFile; fileRef = 720B78372A1D4C6500B739F4 /* FruitXplainApp.swift */; };
		720B783A2A1D4C6500B739F4 /* ContentView.swift in Sources */ = {isa = PBXBuildFile; fileRef = 720B78392A1D4C6500B739F4 /* ContentView.swift */; };
		720B783C2A1D4C6700B739F4 /* Assets.xcassets in Resources */ = {isa = PBXBuildFile; fileRef = 720B783B2A1D4C6700B739F4 /* Assets.xcassets */; };
		720B783F2A1D4C6700B739F4 /* Preview Assets.xcassets in Resources */ = {isa = PBXBuildFile; fileRef = 720B783E2A1D4C6700B739F4 /* Preview Assets.xcassets */; };
		720B78462A1D4C8400B739F4 /* fruitsdb.json in Resources */ = {isa = PBXBuildFile; fileRef = 720B78452A1D4C8300B739F4 /* fruitsdb.json */; };
		720B78482A1D4D4600B739F4 /* FruitList.swift in Sources */ = {isa = PBXBuildFile; fileRef = 720B78472A1D4D4600B739F4 /* FruitList.swift */; };
		720B784A2A1D4D8500B739F4 /* FruitRow.swift in Sources */ = {isa = PBXBuildFile; fileRef = 720B78492A1D4D8500B739F4 /* FruitRow.swift */; };
		720B784E2A1D4EB700B739F4 /* FruitDetail.swift in Sources */ = {isa = PBXBuildFile; fileRef = 720B784D2A1D4EB700B739F4 /* FruitDetail.swift */; };
		720B78512A1D4F7C00B739F4 /* Fruit.swift in Sources */ = {isa = PBXBuildFile; fileRef = 720B78502A1D4F7C00B739F4 /* Fruit.swift */; };
		720B78532A1D505E00B739F4 /* ModelData.swift in Sources */ = {isa = PBXBuildFile; fileRef = 720B78522A1D505E00B739F4 /* ModelData.swift */; };
		720B78552A1E360300B739F4 /* FruitImage.swift in Sources */ = {isa = PBXBuildFile; fileRef = 720B78542A1E360300B739F4 /* FruitImage.swift */; };
		720B78572A1EAB1800B739F4 /* Pexel.swift in Sources */ = {isa = PBXBuildFile; fileRef = 720B78562A1EAB1800B739F4 /* Pexel.swift */; };
		72339D5D2A263B3C00E2D969 /* FruitHome.swift in Sources */ = {isa = PBXBuildFile; fileRef = 72339D5C2A263B3C00E2D969 /* FruitHome.swift */; };
		72339D5F2A2CE10500E2D969 /* FruitSnap.swift in Sources */ = {isa = PBXBuildFile; fileRef = 72339D5E2A2CE10400E2D969 /* FruitSnap.swift */; };
		72339D672A2DF30A00E2D969 /* ImagePicker.swift in Sources */ = {isa = PBXBuildFile; fileRef = 72339D662A2DF30A00E2D969 /* ImagePicker.swift */; };
		72339D6D2A2DFC9D00E2D969 /* MobileNetV2.mlmodel in Sources */ = {isa = PBXBuildFile; fileRef = 72339D6C2A2DFC9D00E2D969 /* MobileNetV2.mlmodel */; };
		72339D6F2A2DFF9F00E2D969 /* Classifier.swift in Sources */ = {isa = PBXBuildFile; fileRef = 72339D6E2A2DFF9F00E2D969 /* Classifier.swift */; };
		72339D712A2E004C00E2D969 /* ImageClassifier.swift in Sources */ = {isa = PBXBuildFile; fileRef = 72339D702A2E004C00E2D969 /* ImageClassifier.swift */; };
		727369992A213C3800D49A26 /* fruit_dbv2.json in Resources */ = {isa = PBXBuildFile; fileRef = 727369982A213C3700D49A26 /* fruit_dbv2.json */; };
		7273699D2A25313400D49A26 /* FruitCard.swift in Sources */ = {isa = PBXBuildFile; fileRef = 7273699C2A25313400D49A26 /* FruitCard.swift */; };
/* End PBXBuildFile section */

/* Begin PBXFileReference section */
		720B78342A1D4C6500B739F4 /* FruitXplain.app */ = {isa = PBXFileReference; explicitFileType = wrapper.application; includeInIndex = 0; path = FruitXplain.app; sourceTree = BUILT_PRODUCTS_DIR; };
		720B78372A1D4C6500B739F4 /* FruitXplainApp.swift */ = {isa = PBXFileReference; lastKnownFileType = sourcecode.swift; path = FruitXplainApp.swift; sourceTree = "<group>"; };
		720B78392A1D4C6500B739F4 /* ContentView.swift */ = {isa = PBXFileReference; lastKnownFileType = sourcecode.swift; path = ContentView.swift; sourceTree = "<group>"; };
		720B783B2A1D4C6700B739F4 /* Assets.xcassets */ = {isa = PBXFileReference; lastKnownFileType = folder.assetcatalog; path = Assets.xcassets; sourceTree = "<group>"; };
		720B783E2A1D4C6700B739F4 /* Preview Assets.xcassets */ = {isa = PBXFileReference; lastKnownFileType = folder.assetcatalog; path = "Preview Assets.xcassets"; sourceTree = "<group>"; };
		720B78452A1D4C8300B739F4 /* fruitsdb.json */ = {isa = PBXFileReference; fileEncoding = 4; lastKnownFileType = text.json; path = fruitsdb.json; sourceTree = "<group>"; };
		720B78472A1D4D4600B739F4 /* FruitList.swift */ = {isa = PBXFileReference; lastKnownFileType = sourcecode.swift; path = FruitList.swift; sourceTree = "<group>"; };
		720B78492A1D4D8500B739F4 /* FruitRow.swift */ = {isa = PBXFileReference; lastKnownFileType = sourcecode.swift; path = FruitRow.swift; sourceTree = "<group>"; };
		720B784D2A1D4EB700B739F4 /* FruitDetail.swift */ = {isa = PBXFileReference; lastKnownFileType = sourcecode.swift; path = FruitDetail.swift; sourceTree = "<group>"; };
		720B78502A1D4F7C00B739F4 /* Fruit.swift */ = {isa = PBXFileReference; lastKnownFileType = sourcecode.swift; path = Fruit.swift; sourceTree = "<group>"; };
		720B78522A1D505E00B739F4 /* ModelData.swift */ = {isa = PBXFileReference; lastKnownFileType = sourcecode.swift; path = ModelData.swift; sourceTree = "<group>"; };
		720B78542A1E360300B739F4 /* FruitImage.swift */ = {isa = PBXFileReference; lastKnownFileType = sourcecode.swift; path = FruitImage.swift; sourceTree = "<group>"; };
		720B78562A1EAB1800B739F4 /* Pexel.swift */ = {isa = PBXFileReference; lastKnownFileType = sourcecode.swift; path = Pexel.swift; sourceTree = "<group>"; };
		72339D5C2A263B3C00E2D969 /* FruitHome.swift */ = {isa = PBXFileReference; lastKnownFileType = sourcecode.swift; path = FruitHome.swift; sourceTree = "<group>"; };
		72339D5E2A2CE10400E2D969 /* FruitSnap.swift */ = {isa = PBXFileReference; lastKnownFileType = sourcecode.swift; path = FruitSnap.swift; sourceTree = "<group>"; };
		72339D662A2DF30A00E2D969 /* ImagePicker.swift */ = {isa = PBXFileReference; lastKnownFileType = sourcecode.swift; path = ImagePicker.swift; sourceTree = "<group>"; };
		72339D6C2A2DFC9D00E2D969 /* MobileNetV2.mlmodel */ = {isa = PBXFileReference; lastKnownFileType = file.mlmodel; path = MobileNetV2.mlmodel; sourceTree = "<group>"; };
		72339D6E2A2DFF9F00E2D969 /* Classifier.swift */ = {isa = PBXFileReference; lastKnownFileType = sourcecode.swift; path = Classifier.swift; sourceTree = "<group>"; };
		72339D702A2E004C00E2D969 /* ImageClassifier.swift */ = {isa = PBXFileReference; lastKnownFileType = sourcecode.swift; path = ImageClassifier.swift; sourceTree = "<group>"; };
		727369982A213C3700D49A26 /* fruit_dbv2.json */ = {isa = PBXFileReference; fileEncoding = 4; lastKnownFileType = text.json; path = fruit_dbv2.json; sourceTree = "<group>"; };
		7273699C2A25313400D49A26 /* FruitCard.swift */ = {isa = PBXFileReference; lastKnownFileType = sourcecode.swift; path = FruitCard.swift; sourceTree = "<group>"; };
/* End PBXFileReference section */

/* Begin PBXFrameworksBuildPhase section */
		720B78312A1D4C6500B739F4 /* Frameworks */ = {
			isa = PBXFrameworksBuildPhase;
			buildActionMask = 2147483647;
			files = (
			);
			runOnlyForDeploymentPostprocessing = 0;
		};
/* End PBXFrameworksBuildPhase section */

/* Begin PBXGroup section */
		720B782B2A1D4C6500B739F4 = {
			isa = PBXGroup;
			children = (
				720B78362A1D4C6500B739F4 /* FruitXplain */,
				720B78352A1D4C6500B739F4 /* Products */,
			);
			sourceTree = "<group>";
		};
		720B78352A1D4C6500B739F4 /* Products */ = {
			isa = PBXGroup;
			children = (
				720B78342A1D4C6500B739F4 /* FruitXplain.app */,
			);
			name = Products;
			sourceTree = "<group>";
		};
		720B78362A1D4C6500B739F4 /* FruitXplain */ = {
			isa = PBXGroup;
			children = (
				720B78372A1D4C6500B739F4 /* FruitXplainApp.swift */,
				720B784C2A1D4E8700B739F4 /* Views */,
				72339D6C2A2DFC9D00E2D969 /* MobileNetV2.mlmodel */,
				7273699A2A24DF5C00D49A26 /* Models */,
				72339D682A2DF9D300E2D969 /* Helpers */,
				7273699B2A24DF6F00D49A26 /* Resources */,
				720B783B2A1D4C6700B739F4 /* Assets.xcassets */,
				720B783D2A1D4C6700B739F4 /* Preview Content */,
			);
			path = FruitXplain;
			sourceTree = "<group>";
		};
		720B783D2A1D4C6700B739F4 /* Preview Content */ = {
			isa = PBXGroup;
			children = (
				720B783E2A1D4C6700B739F4 /* Preview Assets.xcassets */,
			);
			path = "Preview Content";
			sourceTree = "<group>";
		};
		720B784B2A1D4E7400B739F4 /* Fruits */ = {
			isa = PBXGroup;
			children = (
				72339D692A2DFA0200E2D969 /* Home */,
				72339D6A2A2DFA0700E2D969 /* List */,
				72339D6B2A2DFA1000E2D969 /* Snap */,
				720B784D2A1D4EB700B739F4 /* FruitDetail.swift */,
				720B78542A1E360300B739F4 /* FruitImage.swift */,
			);
			path = Fruits;
			sourceTree = "<group>";
		};
		720B784C2A1D4E8700B739F4 /* Views */ = {
			isa = PBXGroup;
			children = (
				720B78392A1D4C6500B739F4 /* ContentView.swift */,
				720B784B2A1D4E7400B739F4 /* Fruits */,
			);
			path = Views;
			sourceTree = "<group>";
		};
		72339D682A2DF9D300E2D969 /* Helpers */ = {
			isa = PBXGroup;
			children = (
				72339D662A2DF30A00E2D969 /* ImagePicker.swift */,
			);
			path = Helpers;
			sourceTree = "<group>";
		};
		72339D692A2DFA0200E2D969 /* Home */ = {
			isa = PBXGroup;
			children = (
				72339D5C2A263B3C00E2D969 /* FruitHome.swift */,
				7273699C2A25313400D49A26 /* FruitCard.swift */,
			);
			path = Home;
			sourceTree = "<group>";
		};
		72339D6A2A2DFA0700E2D969 /* List */ = {
			isa = PBXGroup;
			children = (
				720B78472A1D4D4600B739F4 /* FruitList.swift */,
				720B78492A1D4D8500B739F4 /* FruitRow.swift */,
			);
			path = List;
			sourceTree = "<group>";
		};
		72339D6B2A2DFA1000E2D969 /* Snap */ = {
			isa = PBXGroup;
			children = (
				72339D5E2A2CE10400E2D969 /* FruitSnap.swift */,
				72339D6E2A2DFF9F00E2D969 /* Classifier.swift */,
				72339D702A2E004C00E2D969 /* ImageClassifier.swift */,
			);
			path = Snap;
			sourceTree = "<group>";
		};
		7273699A2A24DF5C00D49A26 /* Models */ = {
			isa = PBXGroup;
			children = (
				720B78502A1D4F7C00B739F4 /* Fruit.swift */,
				720B78522A1D505E00B739F4 /* ModelData.swift */,
				720B78562A1EAB1800B739F4 /* Pexel.swift */,
			);
			path = Models;
			sourceTree = "<group>";
		};
		7273699B2A24DF6F00D49A26 /* Resources */ = {
			isa = PBXGroup;
			children = (
				720B78452A1D4C8300B739F4 /* fruitsdb.json */,
				727369982A213C3700D49A26 /* fruit_dbv2.json */,
			);
			path = Resources;
			sourceTree = "<group>";
		};
/* End PBXGroup section */

/* Begin PBXNativeTarget section */
		720B78332A1D4C6500B739F4 /* FruitXplain */ = {
			isa = PBXNativeTarget;
			buildConfigurationList = 720B78422A1D4C6700B739F4 /* Build configuration list for PBXNativeTarget "FruitXplain" */;
			buildPhases = (
				720B78302A1D4C6500B739F4 /* Sources */,
				720B78312A1D4C6500B739F4 /* Frameworks */,
				720B78322A1D4C6500B739F4 /* Resources */,
			);
			buildRules = (
			);
			dependencies = (
			);
			name = FruitXplain;
			productName = FruitXplain;
			productReference = 720B78342A1D4C6500B739F4 /* FruitXplain.app */;
			productType = "com.apple.product-type.application";
		};
/* End PBXNativeTarget section */

/* Begin PBXProject section */
		720B782C2A1D4C6500B739F4 /* Project object */ = {
			isa = PBXProject;
			attributes = {
				BuildIndependentTargetsInParallel = 1;
				LastSwiftUpdateCheck = 1430;
				LastUpgradeCheck = 1430;
				TargetAttributes = {
					720B78332A1D4C6500B739F4 = {
						CreatedOnToolsVersion = 14.3;
					};
				};
			};
			buildConfigurationList = 720B782F2A1D4C6500B739F4 /* Build configuration list for PBXProject "FruitXplain" */;
			compatibilityVersion = "Xcode 14.0";
			developmentRegion = en;
			hasScannedForEncodings = 0;
			knownRegions = (
				en,
				Base,
			);
			mainGroup = 720B782B2A1D4C6500B739F4;
			productRefGroup = 720B78352A1D4C6500B739F4 /* Products */;
			projectDirPath = "";
			projectRoot = "";
			targets = (
				720B78332A1D4C6500B739F4 /* FruitXplain */,
			);
		};
/* End PBXProject section */

/* Begin PBXResourcesBuildPhase section */
		720B78322A1D4C6500B739F4 /* Resources */ = {
			isa = PBXResourcesBuildPhase;
			buildActionMask = 2147483647;
			files = (
				720B783F2A1D4C6700B739F4 /* Preview Assets.xcassets in Resources */,
				720B78462A1D4C8400B739F4 /* fruitsdb.json in Resources */,
				727369992A213C3800D49A26 /* fruit_dbv2.json in Resources */,
				720B783C2A1D4C6700B739F4 /* Assets.xcassets in Resources */,
			);
			runOnlyForDeploymentPostprocessing = 0;
		};
/* End PBXResourcesBuildPhase section */

/* Begin PBXSourcesBuildPhase section */
		720B78302A1D4C6500B739F4 /* Sources */ = {
			isa = PBXSourcesBuildPhase;
			buildActionMask = 2147483647;
			files = (
				72339D6D2A2DFC9D00E2D969 /* MobileNetV2.mlmodel in Sources */,
				720B78572A1EAB1800B739F4 /* Pexel.swift in Sources */,
				720B78552A1E360300B739F4 /* FruitImage.swift in Sources */,
				72339D5D2A263B3C00E2D969 /* FruitHome.swift in Sources */,
				720B78512A1D4F7C00B739F4 /* Fruit.swift in Sources */,
				720B783A2A1D4C6500B739F4 /* ContentView.swift in Sources */,
				720B78382A1D4C6500B739F4 /* FruitXplainApp.swift in Sources */,
				720B78482A1D4D4600B739F4 /* FruitList.swift in Sources */,
				72339D712A2E004C00E2D969 /* ImageClassifier.swift in Sources */,
				720B784E2A1D4EB700B739F4 /* FruitDetail.swift in Sources */,
				720B784A2A1D4D8500B739F4 /* FruitRow.swift in Sources */,
				72339D6F2A2DFF9F00E2D969 /* Classifier.swift in Sources */,
				7273699D2A25313400D49A26 /* FruitCard.swift in Sources */,
				72339D672A2DF30A00E2D969 /* ImagePicker.swift in Sources */,
				72339D5F2A2CE10500E2D969 /* FruitSnap.swift in Sources */,
				720B78532A1D505E00B739F4 /* ModelData.swift in Sources */,
			);
			runOnlyForDeploymentPostprocessing = 0;
		};
/* End PBXSourcesBuildPhase section */

/* Begin XCBuildConfiguration section */
		720B78402A1D4C6700B739F4 /* Debug */ = {
			isa = XCBuildConfiguration;
			buildSettings = {
				ALWAYS_SEARCH_USER_PATHS = NO;
				CLANG_ANALYZER_NONNULL = YES;
				CLANG_ANALYZER_NUMBER_OBJECT_CONVERSION = YES_AGGRESSIVE;
				CLANG_CXX_LANGUAGE_STANDARD = "gnu++20";
				CLANG_ENABLE_MODULES = YES;
				CLANG_ENABLE_OBJC_ARC = YES;
				CLANG_ENABLE_OBJC_WEAK = YES;
				CLANG_WARN_BLOCK_CAPTURE_AUTORELEASING = YES;
				CLANG_WARN_BOOL_CONVERSION = YES;
				CLANG_WARN_COMMA = YES;
				CLANG_WARN_CONSTANT_CONVERSION = YES;
				CLANG_WARN_DEPRECATED_OBJC_IMPLEMENTATIONS = YES;
				CLANG_WARN_DIRECT_OBJC_ISA_USAGE = YES_ERROR;
				CLANG_WARN_DOCUMENTATION_COMMENTS = YES;
				CLANG_WARN_EMPTY_BODY = YES;
				CLANG_WARN_ENUM_CONVERSION = YES;
				CLANG_WARN_INFINITE_RECURSION = YES;
				CLANG_WARN_INT_CONVERSION = YES;
				CLANG_WARN_NON_LITERAL_NULL_CONVERSION = YES;
				CLANG_WARN_OBJC_IMPLICIT_RETAIN_SELF = YES;
				CLANG_WARN_OBJC_LITERAL_CONVERSION = YES;
				CLANG_WARN_OBJC_ROOT_CLASS = YES_ERROR;
				CLANG_WARN_QUOTED_INCLUDE_IN_FRAMEWORK_HEADER = YES;
				CLANG_WARN_RANGE_LOOP_ANALYSIS = YES;
				CLANG_WARN_STRICT_PROTOTYPES = YES;
				CLANG_WARN_SUSPICIOUS_MOVE = YES;
				CLANG_WARN_UNGUARDED_AVAILABILITY = YES_AGGRESSIVE;
				CLANG_WARN_UNREACHABLE_CODE = YES;
				CLANG_WARN__DUPLICATE_METHOD_MATCH = YES;
				COPY_PHASE_STRIP = NO;
				DEBUG_INFORMATION_FORMAT = dwarf;
				ENABLE_STRICT_OBJC_MSGSEND = YES;
				ENABLE_TESTABILITY = YES;
				GCC_C_LANGUAGE_STANDARD = gnu11;
				GCC_DYNAMIC_NO_PIC = NO;
				GCC_NO_COMMON_BLOCKS = YES;
				GCC_OPTIMIZATION_LEVEL = 0;
				GCC_PREPROCESSOR_DEFINITIONS = (
					"DEBUG=1",
					"$(inherited)",
				);
				GCC_WARN_64_TO_32_BIT_CONVERSION = YES;
				GCC_WARN_ABOUT_RETURN_TYPE = YES_ERROR;
				GCC_WARN_UNDECLARED_SELECTOR = YES;
				GCC_WARN_UNINITIALIZED_AUTOS = YES_AGGRESSIVE;
				GCC_WARN_UNUSED_FUNCTION = YES;
				GCC_WARN_UNUSED_VARIABLE = YES;
				IPHONEOS_DEPLOYMENT_TARGET = 16.4;
				MTL_ENABLE_DEBUG_INFO = INCLUDE_SOURCE;
				MTL_FAST_MATH = YES;
				ONLY_ACTIVE_ARCH = YES;
				SDKROOT = iphoneos;
				SWIFT_ACTIVE_COMPILATION_CONDITIONS = DEBUG;
				SWIFT_OPTIMIZATION_LEVEL = "-Onone";
			};
			name = Debug;
		};
		720B78412A1D4C6700B739F4 /* Release */ = {
			isa = XCBuildConfiguration;
			buildSettings = {
				ALWAYS_SEARCH_USER_PATHS = NO;
				CLANG_ANALYZER_NONNULL = YES;
				CLANG_ANALYZER_NUMBER_OBJECT_CONVERSION = YES_AGGRESSIVE;
				CLANG_CXX_LANGUAGE_STANDARD = "gnu++20";
				CLANG_ENABLE_MODULES = YES;
				CLANG_ENABLE_OBJC_ARC = YES;
				CLANG_ENABLE_OBJC_WEAK = YES;
				CLANG_WARN_BLOCK_CAPTURE_AUTORELEASING = YES;
				CLANG_WARN_BOOL_CONVERSION = YES;
				CLANG_WARN_COMMA = YES;
				CLANG_WARN_CONSTANT_CONVERSION = YES;
				CLANG_WARN_DEPRECATED_OBJC_IMPLEMENTATIONS = YES;
				CLANG_WARN_DIRECT_OBJC_ISA_USAGE = YES_ERROR;
				CLANG_WARN_DOCUMENTATION_COMMENTS = YES;
				CLANG_WARN_EMPTY_BODY = YES;
				CLANG_WARN_ENUM_CONVERSION = YES;
				CLANG_WARN_INFINITE_RECURSION = YES;
				CLANG_WARN_INT_CONVERSION = YES;
				CLANG_WARN_NON_LITERAL_NULL_CONVERSION = YES;
				CLANG_WARN_OBJC_IMPLICIT_RETAIN_SELF = YES;
				CLANG_WARN_OBJC_LITERAL_CONVERSION = YES;
				CLANG_WARN_OBJC_ROOT_CLASS = YES_ERROR;
				CLANG_WARN_QUOTED_INCLUDE_IN_FRAMEWORK_HEADER = YES;
				CLANG_WARN_RANGE_LOOP_ANALYSIS = YES;
				CLANG_WARN_STRICT_PROTOTYPES = YES;
				CLANG_WARN_SUSPICIOUS_MOVE = YES;
				CLANG_WARN_UNGUARDED_AVAILABILITY = YES_AGGRESSIVE;
				CLANG_WARN_UNREACHABLE_CODE = YES;
				CLANG_WARN__DUPLICATE_METHOD_MATCH = YES;
				COPY_PHASE_STRIP = NO;
				DEBUG_INFORMATION_FORMAT = "dwarf-with-dsym";
				ENABLE_NS_ASSERTIONS = NO;
				ENABLE_STRICT_OBJC_MSGSEND = YES;
				GCC_C_LANGUAGE_STANDARD = gnu11;
				GCC_NO_COMMON_BLOCKS = YES;
				GCC_WARN_64_TO_32_BIT_CONVERSION = YES;
				GCC_WARN_ABOUT_RETURN_TYPE = YES_ERROR;
				GCC_WARN_UNDECLARED_SELECTOR = YES;
				GCC_WARN_UNINITIALIZED_AUTOS = YES_AGGRESSIVE;
				GCC_WARN_UNUSED_FUNCTION = YES;
				GCC_WARN_UNUSED_VARIABLE = YES;
				IPHONEOS_DEPLOYMENT_TARGET = 16.4;
				MTL_ENABLE_DEBUG_INFO = NO;
				MTL_FAST_MATH = YES;
				SDKROOT = iphoneos;
				SWIFT_COMPILATION_MODE = wholemodule;
				SWIFT_OPTIMIZATION_LEVEL = "-O";
				VALIDATE_PRODUCT = YES;
			};
			name = Release;
		};
		720B78432A1D4C6700B739F4 /* Debug */ = {
			isa = XCBuildConfiguration;
			buildSettings = {
				ASSETCATALOG_COMPILER_APPICON_NAME = AppIcon;
				ASSETCATALOG_COMPILER_GLOBAL_ACCENT_COLOR_NAME = AccentColor;
				CODE_SIGN_STYLE = Automatic;
				CURRENT_PROJECT_VERSION = 1;
				DEVELOPMENT_ASSET_PATHS = "\"FruitXplain/Preview Content\"";
				DEVELOPMENT_TEAM = MZ483TW92Y;
				ENABLE_PREVIEWS = YES;
				GENERATE_INFOPLIST_FILE = YES;
				INFOPLIST_KEY_NSCameraUsageDescription = "We need camera to capture fruit";
				INFOPLIST_KEY_UIApplicationSceneManifest_Generation = YES;
				INFOPLIST_KEY_UIApplicationSupportsIndirectInputEvents = YES;
				INFOPLIST_KEY_UILaunchScreen_Generation = YES;
				INFOPLIST_KEY_UISupportedInterfaceOrientations_iPad = "UIInterfaceOrientationPortrait UIInterfaceOrientationPortraitUpsideDown UIInterfaceOrientationLandscapeLeft UIInterfaceOrientationLandscapeRight";
				INFOPLIST_KEY_UISupportedInterfaceOrientations_iPhone = "UIInterfaceOrientationPortrait UIInterfaceOrientationLandscapeLeft UIInterfaceOrientationLandscapeRight";
				LD_RUNPATH_SEARCH_PATHS = (
					"$(inherited)",
					"@executable_path/Frameworks",
				);
				MARKETING_VERSION = 1.0;
				PRODUCT_BUNDLE_IDENTIFIER = com.pawanlearning.FruitXplain;
				PRODUCT_NAME = "$(TARGET_NAME)";
				SWIFT_EMIT_LOC_STRINGS = YES;
				SWIFT_VERSION = 5.0;
				TARGETED_DEVICE_FAMILY = "1,2";
			};
			name = Debug;
		};
		720B78442A1D4C6700B739F4 /* Release */ = {
			isa = XCBuildConfiguration;
			buildSettings = {
				ASSETCATALOG_COMPILER_APPICON_NAME = AppIcon;
				ASSETCATALOG_COMPILER_GLOBAL_ACCENT_COLOR_NAME = AccentColor;
				CODE_SIGN_STYLE = Automatic;
				CURRENT_PROJECT_VERSION = 1;
				DEVELOPMENT_ASSET_PATHS = "\"FruitXplain/Preview Content\"";
				DEVELOPMENT_TEAM = MZ483TW92Y;
				ENABLE_PREVIEWS = YES;
				GENERATE_INFOPLIST_FILE = YES;
				INFOPLIST_KEY_NSCameraUsageDescription = "We need camera to capture fruit";
				INFOPLIST_KEY_UIApplicationSceneManifest_Generation = YES;
				INFOPLIST_KEY_UIApplicationSupportsIndirectInputEvents = YES;
				INFOPLIST_KEY_UILaunchScreen_Generation = YES;
				INFOPLIST_KEY_UISupportedInterfaceOrientations_iPad = "UIInterfaceOrientationPortrait UIInterfaceOrientationPortraitUpsideDown UIInterfaceOrientationLandscapeLeft UIInterfaceOrientationLandscapeRight";
				INFOPLIST_KEY_UISupportedInterfaceOrientations_iPhone = "UIInterfaceOrientationPortrait UIInterfaceOrientationLandscapeLeft UIInterfaceOrientationLandscapeRight";
				LD_RUNPATH_SEARCH_PATHS = (
					"$(inherited)",
					"@executable_path/Frameworks",
				);
				MARKETING_VERSION = 1.0;
				PRODUCT_BUNDLE_IDENTIFIER = com.pawanlearning.FruitXplain;
				PRODUCT_NAME = "$(TARGET_NAME)";
				SWIFT_EMIT_LOC_STRINGS = YES;
				SWIFT_VERSION = 5.0;
				TARGETED_DEVICE_FAMILY = "1,2";
			};
			name = Release;
		};
/* End XCBuildConfiguration section */

/* Begin XCConfigurationList section */
		720B782F2A1D4C6500B739F4 /* Build configuration list for PBXProject "FruitXplain" */ = {
			isa = XCConfigurationList;
			buildConfigurations = (
				720B78402A1D4C6700B739F4 /* Debug */,
				720B78412A1D4C6700B739F4 /* Release */,
			);
			defaultConfigurationIsVisible = 0;
			defaultConfigurationName = Release;
		};
		720B78422A1D4C6700B739F4 /* Build configuration list for PBXNativeTarget "FruitXplain" */ = {
			isa = XCConfigurationList;
			buildConfigurations = (
				720B78432A1D4C6700B739F4 /* Debug */,
				720B78442A1D4C6700B739F4 /* Release */,
			);
			defaultConfigurationIsVisible = 0;
			defaultConfigurationName = Release;
		};
/* End XCConfigurationList section */
	};
	rootObject = 720B782C2A1D4C6500B739F4 /* Project object */;
}
